{
  "nodes": {
    "nixcrpkgs": {
      "locked": {
        "lastModified": 1615307854,
        "narHash": "sha256-jJC6WtiJSb5xb3qRtFlZbqF7WyL4aI06eQWusRQNWz8=",
        "owner": "mkg20001",
        "repo": "nixcrpkgs",
        "rev": "27daecb8a53c630ac3a94c0945a6008d422d125f",
        "type": "github"
      },
      "original": {
        "owner": "mkg20001",
        "ref": "flake",
        "repo": "nixcrpkgs",
        "type": "github"
      }
    },
    "nixpkgs": {
      "locked": {
        "lastModified": 1615308962,
        "narHash": "sha256-jBQUmb5aNfTNlFFV6TaQPySYnJhARV7TC5miBTn2FFs=",
        "owner": "NixOS",
        "repo": "nixpkgs",
        "rev": "8d327040c03fe8afbc2a2a9973af17b0d1a77bf4",
        "type": "github"
      },
      "original": {
        "id": "nixpkgs",
        "type": "indirect"
      }
    },
    "root": {
      "inputs": {
        "nixcrpkgs": "nixcrpkgs",
        "nixpkgs": "nixpkgs"
      }
    }
  },
  "root": "root",
  "version": 7
}
